# THIS IS AN AUTOGENERATED FILE. DO NOT EDIT THIS FILE DIRECTLY.
# yarn lockfile v1


"@types/google-apps-script@^1.0.82":
  version "1.0.82"
  resolved "https://registry.yarnpkg.com/@types/google-apps-script/-/google-apps-script-1.0.82.tgz#006467e1a9976df8b187bf06c20d3b488ad3f6dd"
  integrity sha512-umYZj3h057s/sF3aGo0JDiuXLVkqj2rfu6D+OzHlYjKV1fGCjL62L1tndSxe4h7oiHEEgdubFkOLZ7O6xB3L9g==

typescript@^5.4.2:
  version "5.4.2"
  resolved "https://registry.yarnpkg.com/typescript/-/typescript-5.4.2.tgz#0ae9cebcfae970718474fe0da2c090cad6577372"
  integrity sha512-+2/g0Fds1ERlP6JsakQQDXjZdZMM+rqpamFZJEKh4kwTIn3iDkgKtby0CeNd5ATNZ4Ry1ax15TMx0W2V+miizQ==
